{
  "requires": true,
  "lockfileVersion": 1,
  "dependencies": {
    "sweetalert2": {
      "version": "9.9.0",
      "resolved": "https://registry.npmjs.org/sweetalert2/-/sweetalert2-9.9.0.tgz",
      "integrity": "sha512-vJAJaVnNXxwah8QIwtuu6It8BRXP5xWlzcxF+bERDmQKr/1/9iWhoKQF7FF92CvV0FJ1LAGj2Is/0xMkQzGhmw=="
    }
  }
}
